
Microsoft Visual Studio Solution File, Format Version 12.00
# Visual Studio 15
Project("{F2A71F9B-5D33-465A-A702-920D77279786}") = "FsML.Algorithms", "src\FsML.Algorithms\FsML.Algorithms.fsproj", "{995E5695-339C-442A-ABC7-D3FE99C3EE5F}"
EndProject
Project("{F2A71F9B-5D33-465A-A702-920D77279786}") = "FsML.Algorithms.Tests", "src\FsML.Algorithms.Tests\FsML.Algorithms.Tests.fsproj", "{EE288296-E178-4768-98F7-48F2B4B74757}"
EndProject
Project("{F2A71F9B-5D33-465A-A702-920D77279786}") = "FsML.Common", "src\FsML.Common\FsML.Common.fsproj", "{ABE8286A-2698-413B-8590-475AB971BF85}"
EndProject
Project("{F2A71F9B-5D33-465A-A702-920D77279786}") = "FsML.Common.Tests", "src\FsML.Common.Tests\FsML.Common.Tests.fsproj", "{2DC73907-8206-4935-A581-4BCEEB4E6FC4}"
EndProject
Project("{2150E333-8FDC-42A3-9474-1A3956D46DE8}") = "Samples", "Samples", "{90B5ACDA-B01B-4749-9056-86A4EE061022}"
EndProject
Project("{2150E333-8FDC-42A3-9474-1A3956D46DE8}") = "LinearRegression", "LinearRegression", "{96FDA1AD-9795-47CC-9616-7CC68F7FDC9E}"
	ProjectSection(SolutionItems) = preProject
		src\Samples\LinearRegression\WithBatchGradientDescent.fsx = src\Samples\LinearRegression\WithBatchGradientDescent.fsx
		src\Samples\LinearRegression\WithNormalEquation.fsx = src\Samples\LinearRegression\WithNormalEquation.fsx
		src\Samples\LinearRegression\WithPolynomialFeatures.fsx = src\Samples\LinearRegression\WithPolynomialFeatures.fsx
		src\Samples\LinearRegression\WithStochasticGradientDescent.fsx = src\Samples\LinearRegression\WithStochasticGradientDescent.fsx
	EndProjectSection
EndProject
Global
	GlobalSection(SolutionConfigurationPlatforms) = preSolution
		Debug|Any CPU = Debug|Any CPU
		Release|Any CPU = Release|Any CPU
	EndGlobalSection
	GlobalSection(ProjectConfigurationPlatforms) = postSolution
		{995E5695-339C-442A-ABC7-D3FE99C3EE5F}.Debug|Any CPU.ActiveCfg = Debug|Any CPU
		{995E5695-339C-442A-ABC7-D3FE99C3EE5F}.Debug|Any CPU.Build.0 = Debug|Any CPU
		{995E5695-339C-442A-ABC7-D3FE99C3EE5F}.Release|Any CPU.ActiveCfg = Release|Any CPU
		{995E5695-339C-442A-ABC7-D3FE99C3EE5F}.Release|Any CPU.Build.0 = Release|Any CPU
		{EE288296-E178-4768-98F7-48F2B4B74757}.Debug|Any CPU.ActiveCfg = Debug|Any CPU
		{EE288296-E178-4768-98F7-48F2B4B74757}.Debug|Any CPU.Build.0 = Debug|Any CPU
		{EE288296-E178-4768-98F7-48F2B4B74757}.Release|Any CPU.ActiveCfg = Release|Any CPU
		{EE288296-E178-4768-98F7-48F2B4B74757}.Release|Any CPU.Build.0 = Release|Any CPU
		{ABE8286A-2698-413B-8590-475AB971BF85}.Debug|Any CPU.ActiveCfg = Debug|Any CPU
		{ABE8286A-2698-413B-8590-475AB971BF85}.Debug|Any CPU.Build.0 = Debug|Any CPU
		{ABE8286A-2698-413B-8590-475AB971BF85}.Release|Any CPU.ActiveCfg = Release|Any CPU
		{ABE8286A-2698-413B-8590-475AB971BF85}.Release|Any CPU.Build.0 = Release|Any CPU
		{2DC73907-8206-4935-A581-4BCEEB4E6FC4}.Debug|Any CPU.ActiveCfg = Debug|Any CPU
		{2DC73907-8206-4935-A581-4BCEEB4E6FC4}.Debug|Any CPU.Build.0 = Debug|Any CPU
		{2DC73907-8206-4935-A581-4BCEEB4E6FC4}.Release|Any CPU.ActiveCfg = Release|Any CPU
		{2DC73907-8206-4935-A581-4BCEEB4E6FC4}.Release|Any CPU.Build.0 = Release|Any CPU
		{8E18B490-2DBB-43FB-8E4B-BDED33BDC79E}.Debug|Any CPU.ActiveCfg = Debug|Any CPU
		{8E18B490-2DBB-43FB-8E4B-BDED33BDC79E}.Debug|Any CPU.Build.0 = Debug|Any CPU
		{8E18B490-2DBB-43FB-8E4B-BDED33BDC79E}.Release|Any CPU.ActiveCfg = Release|Any CPU
		{8E18B490-2DBB-43FB-8E4B-BDED33BDC79E}.Release|Any CPU.Build.0 = Release|Any CPU
	EndGlobalSection
	GlobalSection(NestedProjects) = preSolution
		{96FDA1AD-9795-47CC-9616-7CC68F7FDC9E} = {90B5ACDA-B01B-4749-9056-86A4EE061022}
	EndGlobalSection
EndGlobal
