Microsoft Visual Studio Solution File, Format Version 12.00
# Visual Studio 15
VisualStudioVersion = 15.0.27130.2010
MinimumVisualStudioVersion = 15.0.26124.0
Project("{6EC3EE1D-3C4E-46DD-8F32-0CC8E7565705}") = "FsML.Algorithms", "src\FsML.Algorithms\FsML.Algorithms.fsproj", "{C957F9B1-7D5C-404F-9FA7-7D8CC87DEC20}"
EndProject
Project("{6EC3EE1D-3C4E-46DD-8F32-0CC8E7565705}") = "FsML.Utilities", "src\FsML.Utilities\FsML.Utilities.fsproj", "{84601BBF-58A8-4066-BFF3-858F8756D7F7}"
EndProject
Project("{2150E333-8FDC-42A3-9474-1A3956D46DE8}") = "Samples", "Samples", "{D92AA421-9E33-4536-8E2D-BD582B8EFC67}"
EndProject
Project("{2150E333-8FDC-42A3-9474-1A3956D46DE8}") = "LinearRegression", "LinearRegression", "{C8A7977E-629B-4B51-8301-F0158D0F6A3C}"
	ProjectSection(SolutionItems) = preProject
		src\Samples\LinearRegression\WithNormalEquation.fsx = src\Samples\LinearRegression\WithNormalEquation.fsx
	EndProjectSection
EndProject
Global
	GlobalSection(SolutionConfigurationPlatforms) = preSolution
		Debug|Any CPU = Debug|Any CPU
		Debug|x64 = Debug|x64
		Debug|x86 = Debug|x86
		Release|Any CPU = Release|Any CPU
		Release|x64 = Release|x64
		Release|x86 = Release|x86
	EndGlobalSection
	GlobalSection(ProjectConfigurationPlatforms) = postSolution
		{C957F9B1-7D5C-404F-9FA7-7D8CC87DEC20}.Debug|Any CPU.ActiveCfg = Debug|Any CPU
		{C957F9B1-7D5C-404F-9FA7-7D8CC87DEC20}.Debug|Any CPU.Build.0 = Debug|Any CPU
		{C957F9B1-7D5C-404F-9FA7-7D8CC87DEC20}.Debug|x64.ActiveCfg = Debug|Any CPU
		{C957F9B1-7D5C-404F-9FA7-7D8CC87DEC20}.Debug|x64.Build.0 = Debug|Any CPU
		{C957F9B1-7D5C-404F-9FA7-7D8CC87DEC20}.Debug|x86.ActiveCfg = Debug|Any CPU
		{C957F9B1-7D5C-404F-9FA7-7D8CC87DEC20}.Debug|x86.Build.0 = Debug|Any CPU
		{C957F9B1-7D5C-404F-9FA7-7D8CC87DEC20}.Release|Any CPU.ActiveCfg = Release|Any CPU
		{C957F9B1-7D5C-404F-9FA7-7D8CC87DEC20}.Release|Any CPU.Build.0 = Release|Any CPU
		{C957F9B1-7D5C-404F-9FA7-7D8CC87DEC20}.Release|x64.ActiveCfg = Release|Any CPU
		{C957F9B1-7D5C-404F-9FA7-7D8CC87DEC20}.Release|x64.Build.0 = Release|Any CPU
		{C957F9B1-7D5C-404F-9FA7-7D8CC87DEC20}.Release|x86.ActiveCfg = Release|Any CPU
		{C957F9B1-7D5C-404F-9FA7-7D8CC87DEC20}.Release|x86.Build.0 = Release|Any CPU
		{84601BBF-58A8-4066-BFF3-858F8756D7F7}.Debug|Any CPU.ActiveCfg = Debug|Any CPU
		{84601BBF-58A8-4066-BFF3-858F8756D7F7}.Debug|Any CPU.Build.0 = Debug|Any CPU
		{84601BBF-58A8-4066-BFF3-858F8756D7F7}.Debug|x64.ActiveCfg = Debug|Any CPU
		{84601BBF-58A8-4066-BFF3-858F8756D7F7}.Debug|x64.Build.0 = Debug|Any CPU
		{84601BBF-58A8-4066-BFF3-858F8756D7F7}.Debug|x86.ActiveCfg = Debug|Any CPU
		{84601BBF-58A8-4066-BFF3-858F8756D7F7}.Debug|x86.Build.0 = Debug|Any CPU
		{84601BBF-58A8-4066-BFF3-858F8756D7F7}.Release|Any CPU.ActiveCfg = Release|Any CPU
		{84601BBF-58A8-4066-BFF3-858F8756D7F7}.Release|Any CPU.Build.0 = Release|Any CPU
		{84601BBF-58A8-4066-BFF3-858F8756D7F7}.Release|x64.ActiveCfg = Release|Any CPU
		{84601BBF-58A8-4066-BFF3-858F8756D7F7}.Release|x64.Build.0 = Release|Any CPU
		{84601BBF-58A8-4066-BFF3-858F8756D7F7}.Release|x86.ActiveCfg = Release|Any CPU
		{84601BBF-58A8-4066-BFF3-858F8756D7F7}.Release|x86.Build.0 = Release|Any CPU
	EndGlobalSection
	GlobalSection(SolutionProperties) = preSolution
		HideSolutionNode = FALSE
	EndGlobalSection
	GlobalSection(NestedProjects) = preSolution
		{C8A7977E-629B-4B51-8301-F0158D0F6A3C} = {D92AA421-9E33-4536-8E2D-BD582B8EFC67}
	EndGlobalSection
	GlobalSection(ExtensibilityGlobals) = postSolution
		SolutionGuid = {8E1B8989-AB88-4F70-8B72-17F1884CF2D5}
	EndGlobalSection
EndGlobal
