
Microsoft Visual Studio Solution File, Format Version 12.00
# Visual Studio 2012
Project("{2150E333-8FDC-42A3-9474-1A3956D46DE8}") = "Examples", "Examples", "{99998F8E-0218-4A24-B97E-2DE7F6143C54}"
EndProject
Project("{2150E333-8FDC-42A3-9474-1A3956D46DE8}") = "Linear regression", "Linear regression", "{193AD9F0-38F1-43C4-B40C-220FCB74A697}"
	ProjectSection(SolutionItems) = preProject
		src\Examples\Linear regression\WithGradientDescent.fsx = src\Examples\Linear regression\WithGradientDescent.fsx
		src\Examples\Linear regression\WithNormalEquation.fsx = src\Examples\Linear regression\WithNormalEquation.fsx
		src\Examples\Linear regression\WithPolynomialFeatures.fsx = src\Examples\Linear regression\WithPolynomialFeatures.fsx
	EndProjectSection
EndProject
Project("{2150E333-8FDC-42A3-9474-1A3956D46DE8}") = "Logistic regression", "Logistic regression", "{765777A8-BE63-49E6-B967-8C8DA956CE19}"
	ProjectSection(SolutionItems) = preProject
		src\Examples\Logistic regression\WithoutRegularization.fsx = src\Examples\Logistic regression\WithoutRegularization.fsx
		src\Examples\Logistic regression\WithRegularization.fsx = src\Examples\Logistic regression\WithRegularization.fsx
	EndProjectSection
EndProject
Project("{2150E333-8FDC-42A3-9474-1A3956D46DE8}") = "Neural networks", "Neural networks", "{86B8A884-F4C7-4A23-B616-D62C214F67F7}"
	ProjectSection(SolutionItems) = preProject
		src\Examples\Neural networks\WithoutRegularization.fsx = src\Examples\Neural networks\WithoutRegularization.fsx
		src\Examples\Neural networks\XNOR.fsx = src\Examples\Neural networks\XNOR.fsx
	EndProjectSection
EndProject
Project("{F2A71F9B-5D33-465A-A702-920D77279786}") = "FsML", "src\FsML\FsML.fsproj", "{FF12C609-F0B5-4D3C-83AE-07465E401B08}"
EndProject
Project("{F2A71F9B-5D33-465A-A702-920D77279786}") = "FsML.Tests", "src\FsML.Tests\FsML.Tests.fsproj", "{FA7E90EE-74E9-4F9D-A194-922A48B54149}"
EndProject
Project("{2150E333-8FDC-42A3-9474-1A3956D46DE8}") = "K-means", "K-means", "{89518C3E-A1FE-4323-B619-CF5CBCD98D73}"
	ProjectSection(SolutionItems) = preProject
		src\Examples\K-means\WithSpecificInitialCentroids.fsx = src\Examples\K-means\WithSpecificInitialCentroids.fsx
		src\Examples\K-means\WithRandomInitialCentroids.fsx = src\Examples\K-means\WithRandomInitialCentroids.fsx
	EndProjectSection
EndProject
Global
	GlobalSection(SolutionConfigurationPlatforms) = preSolution
		Debug|Any CPU = Debug|Any CPU
		Release|Any CPU = Release|Any CPU
	EndGlobalSection
	GlobalSection(ProjectConfigurationPlatforms) = postSolution
		{FF12C609-F0B5-4D3C-83AE-07465E401B08}.Debug|Any CPU.ActiveCfg = Debug|Any CPU
		{FF12C609-F0B5-4D3C-83AE-07465E401B08}.Debug|Any CPU.Build.0 = Debug|Any CPU
		{FF12C609-F0B5-4D3C-83AE-07465E401B08}.Release|Any CPU.ActiveCfg = Release|Any CPU
		{FF12C609-F0B5-4D3C-83AE-07465E401B08}.Release|Any CPU.Build.0 = Release|Any CPU
		{FA7E90EE-74E9-4F9D-A194-922A48B54149}.Debug|Any CPU.ActiveCfg = Debug|Any CPU
		{FA7E90EE-74E9-4F9D-A194-922A48B54149}.Debug|Any CPU.Build.0 = Debug|Any CPU
		{FA7E90EE-74E9-4F9D-A194-922A48B54149}.Release|Any CPU.ActiveCfg = Release|Any CPU
		{FA7E90EE-74E9-4F9D-A194-922A48B54149}.Release|Any CPU.Build.0 = Release|Any CPU
	EndGlobalSection
	GlobalSection(SolutionProperties) = preSolution
		HideSolutionNode = FALSE
	EndGlobalSection
	GlobalSection(NestedProjects) = preSolution
		{193AD9F0-38F1-43C4-B40C-220FCB74A697} = {99998F8E-0218-4A24-B97E-2DE7F6143C54}
		{765777A8-BE63-49E6-B967-8C8DA956CE19} = {99998F8E-0218-4A24-B97E-2DE7F6143C54}
		{86B8A884-F4C7-4A23-B616-D62C214F67F7} = {99998F8E-0218-4A24-B97E-2DE7F6143C54}
		{89518C3E-A1FE-4323-B619-CF5CBCD98D73} = {99998F8E-0218-4A24-B97E-2DE7F6143C54}
	EndGlobalSection
EndGlobal
